// !$*UTF8*$!
{
	archiveVersion = 1;
	classes = {
	};
	objectVersion = 46;
	objects = {

/* Begin PBXBuildFile section */
		23BC6C051DC62E320099408C /* MKAnnotationView+WebCache.m in Sources */ = {isa = PBXBuildFile; fileRef = 23BC6BE51DC62E320099408C /* MKAnnotationView+WebCache.m */; };
		23BC6C061DC62E320099408C /* NSData+ImageContentType.m in Sources */ = {isa = PBXBuildFile; fileRef = 23BC6BE71DC62E320099408C /* NSData+ImageContentType.m */; };
		23BC6C071DC62E320099408C /* SDImageCache.m in Sources */ = {isa = PBXBuildFile; fileRef = 23BC6BE91DC62E320099408C /* SDImageCache.m */; };
		23BC6C081DC62E320099408C /* SDWebImageCompat.m in Sources */ = {isa = PBXBuildFile; fileRef = 23BC6BEB1DC62E320099408C /* SDWebImageCompat.m */; };
		23BC6C091DC62E320099408C /* SDWebImageDecoder.m in Sources */ = {isa = PBXBuildFile; fileRef = 23BC6BED1DC62E320099408C /* SDWebImageDecoder.m */; };
		23BC6C0A1DC62E320099408C /* SDWebImageDownloader.m in Sources */ = {isa = PBXBuildFile; fileRef = 23BC6BEF1DC62E320099408C /* SDWebImageDownloader.m */; };
		23BC6C0B1DC62E320099408C /* SDWebImageDownloaderOperation.m in Sources */ = {isa = PBXBuildFile; fileRef = 23BC6BF11DC62E320099408C /* SDWebImageDownloaderOperation.m */; };
		23BC6C0C1DC62E320099408C /* SDWebImageManager.m in Sources */ = {isa = PBXBuildFile; fileRef = 23BC6BF31DC62E320099408C /* SDWebImageManager.m */; };
		23BC6C0D1DC62E320099408C /* SDWebImagePrefetcher.m in Sources */ = {isa = PBXBuildFile; fileRef = 23BC6BF61DC62E320099408C /* SDWebImagePrefetcher.m */; };
		23BC6C0E1DC62E320099408C /* UIButton+WebCache.m in Sources */ = {isa = PBXBuildFile; fileRef = 23BC6BF81DC62E320099408C /* UIButton+WebCache.m */; };
		23BC6C0F1DC62E320099408C /* UIImage+GIF.m in Sources */ = {isa = PBXBuildFile; fileRef = 23BC6BFA1DC62E320099408C /* UIImage+GIF.m */; };
		23BC6C101DC62E320099408C /* UIImage+MultiFormat.m in Sources */ = {isa = PBXBuildFile; fileRef = 23BC6BFC1DC62E320099408C /* UIImage+MultiFormat.m */; };
		23BC6C111DC62E320099408C /* UIImage+WebP.m in Sources */ = {isa = PBXBuildFile; fileRef = 23BC6BFE1DC62E320099408C /* UIImage+WebP.m */; };
		23BC6C121DC62E320099408C /* UIImageView+HighlightedWebCache.m in Sources */ = {isa = PBXBuildFile; fileRef = 23BC6C001DC62E320099408C /* UIImageView+HighlightedWebCache.m */; };
		23BC6C131DC62E320099408C /* UIImageView+WebCache.m in Sources */ = {isa = PBXBuildFile; fileRef = 23BC6C021DC62E320099408C /* UIImageView+WebCache.m */; };
		23BC6C141DC62E320099408C /* UIView+WebCacheOperation.m in Sources */ = {isa = PBXBuildFile; fileRef = 23BC6C041DC62E320099408C /* UIView+WebCacheOperation.m */; };
		23BC6C161DC630060099408C /* user_default@2x.png in Resources */ = {isa = PBXBuildFile; fileRef = 23BC6C151DC630060099408C /* user_default@2x.png */; };
		23E543791DC6261800EFC777 /* main.m in Sources */ = {isa = PBXBuildFile; fileRef = 23E543781DC6261800EFC777 /* main.m */; };
		23E5437C1DC6261800EFC777 /* AppDelegate.m in Sources */ = {isa = PBXBuildFile; fileRef = 23E5437B1DC6261800EFC777 /* AppDelegate.m */; };
		23E543821DC6261800EFC777 /* Main.storyboard in Resources */ = {isa = PBXBuildFile; fileRef = 23E543801DC6261800EFC777 /* Main.storyboard */; };
		23E543841DC6261800EFC777 /* Assets.xcassets in Resources */ = {isa = PBXBuildFile; fileRef = 23E543831DC6261800EFC777 /* Assets.xcassets */; };
		23E543871DC6261800EFC777 /* LaunchScreen.storyboard in Resources */ = {isa = PBXBuildFile; fileRef = 23E543851DC6261800EFC777 /* LaunchScreen.storyboard */; };
		23E543D71DC626C600EFC777 /* AFNTestModel.m in Sources */ = {isa = PBXBuildFile; fileRef = 23E5438F1DC626C600EFC777 /* AFNTestModel.m */; };
		23E543D81DC626C600EFC777 /* AFHTTPSessionManager.m in Sources */ = {isa = PBXBuildFile; fileRef = 23E543931DC626C600EFC777 /* AFHTTPSessionManager.m */; };
		23E543D91DC626C600EFC777 /* AFNetworkReachabilityManager.m in Sources */ = {isa = PBXBuildFile; fileRef = 23E543961DC626C600EFC777 /* AFNetworkReachabilityManager.m */; };
		23E543DA1DC626C600EFC777 /* AFSecurityPolicy.m in Sources */ = {isa = PBXBuildFile; fileRef = 23E543981DC626C600EFC777 /* AFSecurityPolicy.m */; };
		23E543DB1DC626C600EFC777 /* AFURLRequestSerialization.m in Sources */ = {isa = PBXBuildFile; fileRef = 23E5439A1DC626C600EFC777 /* AFURLRequestSerialization.m */; };
		23E543DC1DC626C600EFC777 /* AFURLResponseSerialization.m in Sources */ = {isa = PBXBuildFile; fileRef = 23E5439C1DC626C600EFC777 /* AFURLResponseSerialization.m */; };
		23E543DD1DC626C600EFC777 /* AFURLSessionManager.m in Sources */ = {isa = PBXBuildFile; fileRef = 23E5439E1DC626C600EFC777 /* AFURLSessionManager.m */; };
		23E543DE1DC626C600EFC777 /* NSArray+Addition.m in Sources */ = {isa = PBXBuildFile; fileRef = 23E543A21DC626C600EFC777 /* NSArray+Addition.m */; };
		23E543DF1DC626C600EFC777 /* NSArray+Log.m in Sources */ = {isa = PBXBuildFile; fileRef = 23E543A41DC626C600EFC777 /* NSArray+Log.m */; };
		23E543E01DC626C600EFC777 /* NSAttributedString+Additon.m in Sources */ = {isa = PBXBuildFile; fileRef = 23E543A61DC626C600EFC777 /* NSAttributedString+Additon.m */; };
		23E543E11DC626C600EFC777 /* NSObject+Addition.m in Sources */ = {isa = PBXBuildFile; fileRef = 23E543A81DC626C600EFC777 /* NSObject+Addition.m */; };
		23E543E21DC626C600EFC777 /* UIButton+Addition.m in Sources */ = {isa = PBXBuildFile; fileRef = 23E543AA1DC626C600EFC777 /* UIButton+Addition.m */; };
		23E543E31DC626C600EFC777 /* UIColor+Addition.m in Sources */ = {isa = PBXBuildFile; fileRef = 23E543AC1DC626C600EFC777 /* UIColor+Addition.m */; };
		23E543E41DC626C600EFC777 /* UILabel+Addition.m in Sources */ = {isa = PBXBuildFile; fileRef = 23E543AE1DC626C600EFC777 /* UILabel+Addition.m */; };
		23E543E51DC626C600EFC777 /* UIScreen+Addition.m in Sources */ = {isa = PBXBuildFile; fileRef = 23E543B01DC626C600EFC777 /* UIScreen+Addition.m */; };
		23E543E61DC626C600EFC777 /* UIView+Addition.m in Sources */ = {isa = PBXBuildFile; fileRef = 23E543B21DC626C600EFC777 /* UIView+Addition.m */; };
		23E543E71DC626C600EFC777 /* UIView+Frame.m in Sources */ = {isa = PBXBuildFile; fileRef = 23E543B41DC626C600EFC777 /* UIView+Frame.m */; };
		23E543E81DC626C600EFC777 /* UIViewController+Addition.m in Sources */ = {isa = PBXBuildFile; fileRef = 23E543B61DC626C600EFC777 /* UIViewController+Addition.m */; };
		23E543E91DC626C600EFC777 /* Info.plist in Resources */ = {isa = PBXBuildFile; fileRef = 23E543B81DC626C600EFC777 /* Info.plist */; };
		23E543EA1DC626C600EFC777 /* MASCompositeConstraint.m in Sources */ = {isa = PBXBuildFile; fileRef = 23E543BA1DC626C600EFC777 /* MASCompositeConstraint.m */; };
		23E543EB1DC626C600EFC777 /* MASConstraint.m in Sources */ = {isa = PBXBuildFile; fileRef = 23E543BD1DC626C600EFC777 /* MASConstraint.m */; };
		23E543EC1DC626C600EFC777 /* MASConstraintMaker.m in Sources */ = {isa = PBXBuildFile; fileRef = 23E543BF1DC626C600EFC777 /* MASConstraintMaker.m */; };
		23E543ED1DC626C600EFC777 /* MASLayoutConstraint.m in Sources */ = {isa = PBXBuildFile; fileRef = 23E543C11DC626C600EFC777 /* MASLayoutConstraint.m */; };
		23E543EE1DC626C600EFC777 /* MASViewAttribute.m in Sources */ = {isa = PBXBuildFile; fileRef = 23E543C51DC626C600EFC777 /* MASViewAttribute.m */; };
		23E543EF1DC626C600EFC777 /* MASViewConstraint.m in Sources */ = {isa = PBXBuildFile; fileRef = 23E543C71DC626C600EFC777 /* MASViewConstraint.m */; };
		23E543F01DC626C600EFC777 /* NSArray+MASAdditions.m in Sources */ = {isa = PBXBuildFile; fileRef = 23E543C91DC626C600EFC777 /* NSArray+MASAdditions.m */; };
		23E543F11DC626C600EFC777 /* NSLayoutConstraint+MASDebugAdditions.m in Sources */ = {isa = PBXBuildFile; fileRef = 23E543CC1DC626C600EFC777 /* NSLayoutConstraint+MASDebugAdditions.m */; };
		23E543F21DC626C600EFC777 /* View+MASAdditions.m in Sources */ = {isa = PBXBuildFile; fileRef = 23E543CE1DC626C600EFC777 /* View+MASAdditions.m */; };
		23E543F31DC626C600EFC777 /* ViewController+MASAdditions.m in Sources */ = {isa = PBXBuildFile; fileRef = 23E543D11DC626C600EFC777 /* ViewController+MASAdditions.m */; };
		23E543F41DC626C600EFC777 /* TestTableViewCell.m in Sources */ = {isa = PBXBuildFile; fileRef = 23E543D31DC626C600EFC777 /* TestTableViewCell.m */; };
		23E543F51DC626C600EFC777 /* TestTableViewCell.xib in Resources */ = {isa = PBXBuildFile; fileRef = 23E543D41DC626C600EFC777 /* TestTableViewCell.xib */; };
		23E543F61DC626C600EFC777 /* ViewController.m in Sources */ = {isa = PBXBuildFile; fileRef = 23E543D61DC626C600EFC777 /* ViewController.m */; };
/* End PBXBuildFile section */

/* Begin PBXFileReference section */
		23BC6BE41DC62E320099408C /* MKAnnotationView+WebCache.h */ = {isa = PBXFileReference; fileEncoding = 4; lastKnownFileType = sourcecode.c.h; path = "MKAnnotationView+WebCache.h"; sourceTree = "<group>"; };
		23BC6BE51DC62E320099408C /* MKAnnotationView+WebCache.m */ = {isa = PBXFileReference; fileEncoding = 4; lastKnownFileType = sourcecode.c.objc; path = "MKAnnotationView+WebCache.m"; sourceTree = "<group>"; };
		23BC6BE61DC62E320099408C /* NSData+ImageContentType.h */ = {isa = PBXFileReference; fileEncoding = 4; lastKnownFileType = sourcecode.c.h; path = "NSData+ImageContentType.h"; sourceTree = "<group>"; };
		23BC6BE71DC62E320099408C /* NSData+ImageContentType.m */ = {isa = PBXFileReference; fileEncoding = 4; lastKnownFileType = sourcecode.c.objc; path = "NSData+ImageContentType.m"; sourceTree = "<group>"; };
		23BC6BE81DC62E320099408C /* SDImageCache.h */ = {isa = PBXFileReference; fileEncoding = 4; lastKnownFileType = sourcecode.c.h; path = SDImageCache.h; sourceTree = "<group>"; };
		23BC6BE91DC62E320099408C /* SDImageCache.m */ = {isa = PBXFileReference; fileEncoding = 4; lastKnownFileType = sourcecode.c.objc; path = SDImageCache.m; sourceTree = "<group>"; };
		23BC6BEA1DC62E320099408C /* SDWebImageCompat.h */ = {isa = PBXFileReference; fileEncoding = 4; lastKnownFileType = sourcecode.c.h; path = SDWebImageCompat.h; sourceTree = "<group>"; };
		23BC6BEB1DC62E320099408C /* SDWebImageCompat.m */ = {isa = PBXFileReference; fileEncoding = 4; lastKnownFileType = sourcecode.c.objc; path = SDWebImageCompat.m; sourceTree = "<group>"; };
		23BC6BEC1DC62E320099408C /* SDWebImageDecoder.h */ = {isa = PBXFileReference; fileEncoding = 4; lastKnownFileType = sourcecode.c.h; path = SDWebImageDecoder.h; sourceTree = "<group>"; };
		23BC6BED1DC62E320099408C /* SDWebImageDecoder.m */ = {isa = PBXFileReference; fileEncoding = 4; lastKnownFileType = sourcecode.c.objc; path = SDWebImageDecoder.m; sourceTree = "<group>"; };
		23BC6BEE1DC62E320099408C /* SDWebImageDownloader.h */ = {isa = PBXFileReference; fileEncoding = 4; lastKnownFileType = sourcecode.c.h; path = SDWebImageDownloader.h; sourceTree = "<group>"; };
		23BC6BEF1DC62E320099408C /* SDWebImageDownloader.m */ = {isa = PBXFileReference; fileEncoding = 4; lastKnownFileType = sourcecode.c.objc; path = SDWebImageDownloader.m; sourceTree = "<group>"; };
		23BC6BF01DC62E320099408C /* SDWebImageDownloaderOperation.h */ = {isa = PBXFileReference; fileEncoding = 4; lastKnownFileType = sourcecode.c.h; path = SDWebImageDownloaderOperation.h; sourceTree = "<group>"; };
		23BC6BF11DC62E320099408C /* SDWebImageDownloaderOperation.m */ = {isa = PBXFileReference; fileEncoding = 4; lastKnownFileType = sourcecode.c.objc; path = SDWebImageDownloaderOperation.m; sourceTree = "<group>"; };
		23BC6BF21DC62E320099408C /* SDWebImageManager.h */ = {isa = PBXFileReference; fileEncoding = 4; lastKnownFileType = sourcecode.c.h; path = SDWebImageManager.h; sourceTree = "<group>"; };
		23BC6BF31DC62E320099408C /* SDWebImageManager.m */ = {isa = PBXFileReference; fileEncoding = 4; lastKnownFileType = sourcecode.c.objc; path = SDWebImageManager.m; sourceTree = "<group>"; };
		23BC6BF41DC62E320099408C /* SDWebImageOperation.h */ = {isa = PBXFileReference; fileEncoding = 4; lastKnownFileType = sourcecode.c.h; path = SDWebImageOperation.h; sourceTree = "<group>"; };
		23BC6BF51DC62E320099408C /* SDWebImagePrefetcher.h */ = {isa = PBXFileReference; fileEncoding = 4; lastKnownFileType = sourcecode.c.h; path = SDWebImagePrefetcher.h; sourceTree = "<group>"; };
		23BC6BF61DC62E320099408C /* SDWebImagePrefetcher.m */ = {isa = PBXFileReference; fileEncoding = 4; lastKnownFileType = sourcecode.c.objc; path = SDWebImagePrefetcher.m; sourceTree = "<group>"; };
		23BC6BF71DC62E320099408C /* UIButton+WebCache.h */ = {isa = PBXFileReference; fileEncoding = 4; lastKnownFileType = sourcecode.c.h; path = "UIButton+WebCache.h"; sourceTree = "<group>"; };
		23BC6BF81DC62E320099408C /* UIButton+WebCache.m */ = {isa = PBXFileReference; fileEncoding = 4; lastKnownFileType = sourcecode.c.objc; path = "UIButton+WebCache.m"; sourceTree = "<group>"; };
		23BC6BF91DC62E320099408C /* UIImage+GIF.h */ = {isa = PBXFileReference; fileEncoding = 4; lastKnownFileType = sourcecode.c.h; path = "UIImage+GIF.h"; sourceTree = "<group>"; };
		23BC6BFA1DC62E320099408C /* UIImage+GIF.m */ = {isa = PBXFileReference; fileEncoding = 4; lastKnownFileType = sourcecode.c.objc; path = "UIImage+GIF.m"; sourceTree = "<group>"; };
		23BC6BFB1DC62E320099408C /* UIImage+MultiFormat.h */ = {isa = PBXFileReference; fileEncoding = 4; lastKnownFileType = sourcecode.c.h; path = "UIImage+MultiFormat.h"; sourceTree = "<group>"; };
		23BC6BFC1DC62E320099408C /* UIImage+MultiFormat.m */ = {isa = PBXFileReference; fileEncoding = 4; lastKnownFileType = sourcecode.c.objc; path = "UIImage+MultiFormat.m"; sourceTree = "<group>"; };
		23BC6BFD1DC62E320099408C /* UIImage+WebP.h */ = {isa = PBXFileReference; fileEncoding = 4; lastKnownFileType = sourcecode.c.h; path = "UIImage+WebP.h"; sourceTree = "<group>"; };
		23BC6BFE1DC62E320099408C /* UIImage+WebP.m */ = {isa = PBXFileReference; fileEncoding = 4; lastKnownFileType = sourcecode.c.objc; path = "UIImage+WebP.m"; sourceTree = "<group>"; };
		23BC6BFF1DC62E320099408C /* UIImageView+HighlightedWebCache.h */ = {isa = PBXFileReference; fileEncoding = 4; lastKnownFileType = sourcecode.c.h; path = "UIImageView+HighlightedWebCache.h"; sourceTree = "<group>"; };
		23BC6C001DC62E320099408C /* UIImageView+HighlightedWebCache.m */ = {isa = PBXFileReference; fileEncoding = 4; lastKnownFileType = sourcecode.c.objc; path = "UIImageView+HighlightedWebCache.m"; sourceTree = "<group>"; };
		23BC6C011DC62E320099408C /* UIImageView+WebCache.h */ = {isa = PBXFileReference; fileEncoding = 4; lastKnownFileType = sourcecode.c.h; path = "UIImageView+WebCache.h"; sourceTree = "<group>"; };
		23BC6C021DC62E320099408C /* UIImageView+WebCache.m */ = {isa = PBXFileReference; fileEncoding = 4; lastKnownFileType = sourcecode.c.objc; path = "UIImageView+WebCache.m"; sourceTree = "<group>"; };
		23BC6C031DC62E320099408C /* UIView+WebCacheOperation.h */ = {isa = PBXFileReference; fileEncoding = 4; lastKnownFileType = sourcecode.c.h; path = "UIView+WebCacheOperation.h"; sourceTree = "<group>"; };
		23BC6C041DC62E320099408C /* UIView+WebCacheOperation.m */ = {isa = PBXFileReference; fileEncoding = 4; lastKnownFileType = sourcecode.c.objc; path = "UIView+WebCacheOperation.m"; sourceTree = "<group>"; };
		23BC6C151DC630060099408C /* user_default@2x.png */ = {isa = PBXFileReference; lastKnownFileType = image.png; path = "user_default@2x.png"; sourceTree = "<group>"; };
		23E543741DC6261800EFC777 /* 课堂任务.app */ = {isa = PBXFileReference; explicitFileType = wrapper.application; includeInIndex = 0; path = "课堂任务.app"; sourceTree = BUILT_PRODUCTS_DIR; };
		23E543781DC6261800EFC777 /* main.m */ = {isa = PBXFileReference; lastKnownFileType = sourcecode.c.objc; path = main.m; sourceTree = "<group>"; };
		23E5437A1DC6261800EFC777 /* AppDelegate.h */ = {isa = PBXFileReference; lastKnownFileType = sourcecode.c.h; path = AppDelegate.h; sourceTree = "<group>"; };
		23E5437B1DC6261800EFC777 /* AppDelegate.m */ = {isa = PBXFileReference; lastKnownFileType = sourcecode.c.objc; path = AppDelegate.m; sourceTree = "<group>"; };
		23E543811DC6261800EFC777 /* Base */ = {isa = PBXFileReference; lastKnownFileType = file.storyboard; name = Base; path = Base.lproj/Main.storyboard; sourceTree = "<group>"; };
		23E543831DC6261800EFC777 /* Assets.xcassets */ = {isa = PBXFileReference; lastKnownFileType = folder.assetcatalog; path = Assets.xcassets; sourceTree = "<group>"; };
		23E543861DC6261800EFC777 /* Base */ = {isa = PBXFileReference; lastKnownFileType = file.storyboard; name = Base; path = Base.lproj/LaunchScreen.storyboard; sourceTree = "<group>"; };
		23E543881DC6261800EFC777 /* Info.plist */ = {isa = PBXFileReference; lastKnownFileType = text.plist.xml; path = Info.plist; sourceTree = "<group>"; };
		23E5438E1DC626C600EFC777 /* AFNTestModel.h */ = {isa = PBXFileReference; fileEncoding = 4; lastKnownFileType = sourcecode.c.h; path = AFNTestModel.h; sourceTree = "<group>"; };
		23E5438F1DC626C600EFC777 /* AFNTestModel.m */ = {isa = PBXFileReference; fileEncoding = 4; lastKnownFileType = sourcecode.c.objc; path = AFNTestModel.m; sourceTree = "<group>"; };
		23E543921DC626C600EFC777 /* AFHTTPSessionManager.h */ = {isa = PBXFileReference; fileEncoding = 4; lastKnownFileType = sourcecode.c.h; path = AFHTTPSessionManager.h; sourceTree = "<group>"; };
		23E543931DC626C600EFC777 /* AFHTTPSessionManager.m */ = {isa = PBXFileReference; fileEncoding = 4; lastKnownFileType = sourcecode.c.objc; path = AFHTTPSessionManager.m; sourceTree = "<group>"; };
		23E543941DC626C600EFC777 /* AFNetworking.h */ = {isa = PBXFileReference; fileEncoding = 4; lastKnownFileType = sourcecode.c.h; path = AFNetworking.h; sourceTree = "<group>"; };
		23E543951DC626C600EFC777 /* AFNetworkReachabilityManager.h */ = {isa = PBXFileReference; fileEncoding = 4; lastKnownFileType = sourcecode.c.h; path = AFNetworkReachabilityManager.h; sourceTree = "<group>"; };
		23E543961DC626C600EFC777 /* AFNetworkReachabilityManager.m */ = {isa = PBXFileReference; fileEncoding = 4; lastKnownFileType = sourcecode.c.objc; path = AFNetworkReachabilityManager.m; sourceTree = "<group>"; };
		23E543971DC626C600EFC777 /* AFSecurityPolicy.h */ = {isa = PBXFileReference; fileEncoding = 4; lastKnownFileType = sourcecode.c.h; path = AFSecurityPolicy.h; sourceTree = "<group>"; };
		23E543981DC626C600EFC777 /* AFSecurityPolicy.m */ = {isa = PBXFileReference; fileEncoding = 4; lastKnownFileType = sourcecode.c.objc; path = AFSecurityPolicy.m; sourceTree = "<group>"; };
		23E543991DC626C600EFC777 /* AFURLRequestSerialization.h */ = {isa = PBXFileReference; fileEncoding = 4; lastKnownFileType = sourcecode.c.h; path = AFURLRequestSerialization.h; sourceTree = "<group>"; };
		23E5439A1DC626C600EFC777 /* AFURLRequestSerialization.m */ = {isa = PBXFileReference; fileEncoding = 4; lastKnownFileType = sourcecode.c.objc; path = AFURLRequestSerialization.m; sourceTree = "<group>"; };
		23E5439B1DC626C600EFC777 /* AFURLResponseSerialization.h */ = {isa = PBXFileReference; fileEncoding = 4; lastKnownFileType = sourcecode.c.h; path = AFURLResponseSerialization.h; sourceTree = "<group>"; };
		23E5439C1DC626C600EFC777 /* AFURLResponseSerialization.m */ = {isa = PBXFileReference; fileEncoding = 4; lastKnownFileType = sourcecode.c.objc; path = AFURLResponseSerialization.m; sourceTree = "<group>"; };
		23E5439D1DC626C600EFC777 /* AFURLSessionManager.h */ = {isa = PBXFileReference; fileEncoding = 4; lastKnownFileType = sourcecode.c.h; path = AFURLSessionManager.h; sourceTree = "<group>"; };
		23E5439E1DC626C600EFC777 /* AFURLSessionManager.m */ = {isa = PBXFileReference; fileEncoding = 4; lastKnownFileType = sourcecode.c.objc; path = AFURLSessionManager.m; sourceTree = "<group>"; };
		23E543A01DC626C600EFC777 /* AYAddition.h */ = {isa = PBXFileReference; fileEncoding = 4; lastKnownFileType = sourcecode.c.h; path = AYAddition.h; sourceTree = "<group>"; };
		23E543A11DC626C600EFC777 /* NSArray+Addition.h */ = {isa = PBXFileReference; fileEncoding = 4; lastKnownFileType = sourcecode.c.h; path = "NSArray+Addition.h"; sourceTree = "<group>"; };
		23E543A21DC626C600EFC777 /* NSArray+Addition.m */ = {isa = PBXFileReference; fileEncoding = 4; lastKnownFileType = sourcecode.c.objc; path = "NSArray+Addition.m"; sourceTree = "<group>"; };
		23E543A31DC626C600EFC777 /* NSArray+Log.h */ = {isa = PBXFileReference; fileEncoding = 4; lastKnownFileType = sourcecode.c.h; path = "NSArray+Log.h"; sourceTree = "<group>"; };
		23E543A41DC626C600EFC777 /* NSArray+Log.m */ = {isa = PBXFileReference; fileEncoding = 4; lastKnownFileType = sourcecode.c.objc; path = "NSArray+Log.m"; sourceTree = "<group>"; };
		23E543A51DC626C600EFC777 /* NSAttributedString+Additon.h */ = {isa = PBXFileReference; fileEncoding = 4; lastKnownFileType = sourcecode.c.h; path = "NSAttributedString+Additon.h"; sourceTree = "<group>"; };
		23E543A61DC626C600EFC777 /* NSAttributedString+Additon.m */ = {isa = PBXFileReference; fileEncoding = 4; lastKnownFileType = sourcecode.c.objc; path = "NSAttributedString+Additon.m"; sourceTree = "<group>"; };
		23E543A71DC626C600EFC777 /* NSObject+Addition.h */ = {isa = PBXFileReference; fileEncoding = 4; lastKnownFileType = sourcecode.c.h; path = "NSObject+Addition.h"; sourceTree = "<group>"; };
		23E543A81DC626C600EFC777 /* NSObject+Addition.m */ = {isa = PBXFileReference; fileEncoding = 4; lastKnownFileType = sourcecode.c.objc; path = "NSObject+Addition.m"; sourceTree = "<group>"; };
		23E543A91DC626C600EFC777 /* UIButton+Addition.h */ = {isa = PBXFileReference; fileEncoding = 4; lastKnownFileType = sourcecode.c.h; path = "UIButton+Addition.h"; sourceTree = "<group>"; };
		23E543AA1DC626C600EFC777 /* UIButton+Addition.m */ = {isa = PBXFileReference; fileEncoding = 4; lastKnownFileType = sourcecode.c.objc; path = "UIButton+Addition.m"; sourceTree = "<group>"; };
		23E543AB1DC626C600EFC777 /* UIColor+Addition.h */ = {isa = PBXFileReference; fileEncoding = 4; lastKnownFileType = sourcecode.c.h; path = "UIColor+Addition.h"; sourceTree = "<group>"; };
		23E543AC1DC626C600EFC777 /* UIColor+Addition.m */ = {isa = PBXFileReference; fileEncoding = 4; lastKnownFileType = sourcecode.c.objc; path = "UIColor+Addition.m"; sourceTree = "<group>"; };
		23E543AD1DC626C600EFC777 /* UILabel+Addition.h */ = {isa = PBXFileReference; fileEncoding = 4; lastKnownFileType = sourcecode.c.h; path = "UILabel+Addition.h"; sourceTree = "<group>"; };
		23E543AE1DC626C600EFC777 /* UILabel+Addition.m */ = {isa = PBXFileReference; fileEncoding = 4; lastKnownFileType = sourcecode.c.objc; path = "UILabel+Addition.m"; sourceTree = "<group>"; };
		23E543AF1DC626C600EFC777 /* UIScreen+Addition.h */ = {isa = PBXFileReference; fileEncoding = 4; lastKnownFileType = sourcecode.c.h; path = "UIScreen+Addition.h"; sourceTree = "<group>"; };
		23E543B01DC626C600EFC777 /* UIScreen+Addition.m */ = {isa = PBXFileReference; fileEncoding = 4; lastKnownFileType = sourcecode.c.objc; path = "UIScreen+Addition.m"; sourceTree = "<group>"; };
		23E543B11DC626C600EFC777 /* UIView+Addition.h */ = {isa = PBXFileReference; fileEncoding = 4; lastKnownFileType = sourcecode.c.h; path = "UIView+Addition.h"; sourceTree = "<group>"; };
		23E543B21DC626C600EFC777 /* UIView+Addition.m */ = {isa = PBXFileReference; fileEncoding = 4; lastKnownFileType = sourcecode.c.objc; path = "UIView+Addition.m"; sourceTree = "<group>"; };
		23E543B31DC626C600EFC777 /* UIView+Frame.h */ = {isa = PBXFileReference; fileEncoding = 4; lastKnownFileType = sourcecode.c.h; path = "UIView+Frame.h"; sourceTree = "<group>"; };
		23E543B41DC626C600EFC777 /* UIView+Frame.m */ = {isa = PBXFileReference; fileEncoding = 4; lastKnownFileType = sourcecode.c.objc; path = "UIView+Frame.m"; sourceTree = "<group>"; };
		23E543B51DC626C600EFC777 /* UIViewController+Addition.h */ = {isa = PBXFileReference; fileEncoding = 4; lastKnownFileType = sourcecode.c.h; path = "UIViewController+Addition.h"; sourceTree = "<group>"; };
		23E543B61DC626C600EFC777 /* UIViewController+Addition.m */ = {isa = PBXFileReference; fileEncoding = 4; lastKnownFileType = sourcecode.c.objc; path = "UIViewController+Addition.m"; sourceTree = "<group>"; };
		23E543B81DC626C600EFC777 /* Info.plist */ = {isa = PBXFileReference; fileEncoding = 4; lastKnownFileType = text.plist.xml; path = Info.plist; sourceTree = "<group>"; };
		23E543B91DC626C600EFC777 /* MASCompositeConstraint.h */ = {isa = PBXFileReference; fileEncoding = 4; lastKnownFileType = sourcecode.c.h; path = MASCompositeConstraint.h; sourceTree = "<group>"; };
		23E543BA1DC626C600EFC777 /* MASCompositeConstraint.m */ = {isa = PBXFileReference; fileEncoding = 4; lastKnownFileType = sourcecode.c.objc; path = MASCompositeConstraint.m; sourceTree = "<group>"; };
		23E543BB1DC626C600EFC777 /* MASConstraint+Private.h */ = {isa = PBXFileReference; fileEncoding = 4; lastKnownFileType = sourcecode.c.h; path = "MASConstraint+Private.h"; sourceTree = "<group>"; };
		23E543BC1DC626C600EFC777 /* MASConstraint.h */ = {isa = PBXFileReference; fileEncoding = 4; lastKnownFileType = sourcecode.c.h; path = MASConstraint.h; sourceTree = "<group>"; };
		23E543BD1DC626C600EFC777 /* MASConstraint.m */ = {isa = PBXFileReference; fileEncoding = 4; lastKnownFileType = sourcecode.c.objc; path = MASConstraint.m; sourceTree = "<group>"; };
		23E543BE1DC626C600EFC777 /* MASConstraintMaker.h */ = {isa = PBXFileReference; fileEncoding = 4; lastKnownFileType = sourcecode.c.h; path = MASConstraintMaker.h; sourceTree = "<group>"; };
		23E543BF1DC626C600EFC777 /* MASConstraintMaker.m */ = {isa = PBXFileReference; fileEncoding = 4; lastKnownFileType = sourcecode.c.objc; path = MASConstraintMaker.m; sourceTree = "<group>"; };
		23E543C01DC626C600EFC777 /* MASLayoutConstraint.h */ = {isa = PBXFileReference; fileEncoding = 4; lastKnownFileType = sourcecode.c.h; path = MASLayoutConstraint.h; sourceTree = "<group>"; };
		23E543C11DC626C600EFC777 /* MASLayoutConstraint.m */ = {isa = PBXFileReference; fileEncoding = 4; lastKnownFileType = sourcecode.c.objc; path = MASLayoutConstraint.m; sourceTree = "<group>"; };
		23E543C21DC626C600EFC777 /* Masonry.h */ = {isa = PBXFileReference; fileEncoding = 4; lastKnownFileType = sourcecode.c.h; path = Masonry.h; sourceTree = "<group>"; };
		23E543C31DC626C600EFC777 /* MASUtilities.h */ = {isa = PBXFileReference; fileEncoding = 4; lastKnownFileType = sourcecode.c.h; path = MASUtilities.h; sourceTree = "<group>"; };
		23E543C41DC626C600EFC777 /* MASViewAttribute.h */ = {isa = PBXFileReference; fileEncoding = 4; lastKnownFileType = sourcecode.c.h; path = MASViewAttribute.h; sourceTree = "<group>"; };
		23E543C51DC626C600EFC777 /* MASViewAttribute.m */ = {isa = PBXFileReference; fileEncoding = 4; lastKnownFileType = sourcecode.c.objc; path = MASViewAttribute.m; sourceTree = "<group>"; };
		23E543C61DC626C600EFC777 /* MASViewConstraint.h */ = {isa = PBXFileReference; fileEncoding = 4; lastKnownFileType = sourcecode.c.h; path = MASViewConstraint.h; sourceTree = "<group>"; };
		23E543C71DC626C600EFC777 /* MASViewConstraint.m */ = {isa = PBXFileReference; fileEncoding = 4; lastKnownFileType = sourcecode.c.objc; path = MASViewConstraint.m; sourceTree = "<group>"; };
		23E543C81DC626C600EFC777 /* NSArray+MASAdditions.h */ = {isa = PBXFileReference; fileEncoding = 4; lastKnownFileType = sourcecode.c.h; path = "NSArray+MASAdditions.h"; sourceTree = "<group>"; };
		23E543C91DC626C600EFC777 /* NSArray+MASAdditions.m */ = {isa = PBXFileReference; fileEncoding = 4; lastKnownFileType = sourcecode.c.objc; path = "NSArray+MASAdditions.m"; sourceTree = "<group>"; };
		23E543CA1DC626C600EFC777 /* NSArray+MASShorthandAdditions.h */ = {isa = PBXFileReference; fileEncoding = 4; lastKnownFileType = sourcecode.c.h; path = "NSArray+MASShorthandAdditions.h"; sourceTree = "<group>"; };
		23E543CB1DC626C600EFC777 /* NSLayoutConstraint+MASDebugAdditions.h */ = {isa = PBXFileReference; fileEncoding = 4; lastKnownFileType = sourcecode.c.h; path = "NSLayoutConstraint+MASDebugAdditions.h"; sourceTree = "<group>"; };
		23E543CC1DC626C600EFC777 /* NSLayoutConstraint+MASDebugAdditions.m */ = {isa = PBXFileReference; fileEncoding = 4; lastKnownFileType = sourcecode.c.objc; path = "NSLayoutConstraint+MASDebugAdditions.m"; sourceTree = "<group>"; };
		23E543CD1DC626C600EFC777 /* View+MASAdditions.h */ = {isa = PBXFileReference; fileEncoding = 4; lastKnownFileType = sourcecode.c.h; path = "View+MASAdditions.h"; sourceTree = "<group>"; };
		23E543CE1DC626C600EFC777 /* View+MASAdditions.m */ = {isa = PBXFileReference; fileEncoding = 4; lastKnownFileType = sourcecode.c.objc; path = "View+MASAdditions.m"; sourceTree = "<group>"; };
		23E543CF1DC626C600EFC777 /* View+MASShorthandAdditions.h */ = {isa = PBXFileReference; fileEncoding = 4; lastKnownFileType = sourcecode.c.h; path = "View+MASShorthandAdditions.h"; sourceTree = "<group>"; };
		23E543D01DC626C600EFC777 /* ViewController+MASAdditions.h */ = {isa = PBXFileReference; fileEncoding = 4; lastKnownFileType = sourcecode.c.h; path = "ViewController+MASAdditions.h"; sourceTree = "<group>"; };
		23E543D11DC626C600EFC777 /* ViewController+MASAdditions.m */ = {isa = PBXFileReference; fileEncoding = 4; lastKnownFileType = sourcecode.c.objc; path = "ViewController+MASAdditions.m"; sourceTree = "<group>"; };
		23E543D21DC626C600EFC777 /* TestTableViewCell.h */ = {isa = PBXFileReference; fileEncoding = 4; lastKnownFileType = sourcecode.c.h; path = TestTableViewCell.h; sourceTree = "<group>"; };
		23E543D31DC626C600EFC777 /* TestTableViewCell.m */ = {isa = PBXFileReference; fileEncoding = 4; lastKnownFileType = sourcecode.c.objc; path = TestTableViewCell.m; sourceTree = "<group>"; };
		23E543D41DC626C600EFC777 /* TestTableViewCell.xib */ = {isa = PBXFileReference; fileEncoding = 4; lastKnownFileType = file.xib; path = TestTableViewCell.xib; sourceTree = "<group>"; };
		23E543D51DC626C600EFC777 /* ViewController.h */ = {isa = PBXFileReference; fileEncoding = 4; lastKnownFileType = sourcecode.c.h; path = ViewController.h; sourceTree = "<group>"; };
		23E543D61DC626C600EFC777 /* ViewController.m */ = {isa = PBXFileReference; fileEncoding = 4; lastKnownFileType = sourcecode.c.objc; path = ViewController.m; sourceTree = "<group>"; };
/* End PBXFileReference section */

/* Begin PBXFrameworksBuildPhase section */
		23E543711DC6261800EFC777 /* Frameworks */ = {
			isa = PBXFrameworksBuildPhase;
			buildActionMask = 2147483647;
			files = (
			);
			runOnlyForDeploymentPostprocessing = 0;
		};
/* End PBXFrameworksBuildPhase section */

/* Begin PBXGroup section */
		23BC6BE31DC62E320099408C /* SDWebImage */ = {
			isa = PBXGroup;
			children = (
				23BC6BE41DC62E320099408C /* MKAnnotationView+WebCache.h */,
				23BC6BE51DC62E320099408C /* MKAnnotationView+WebCache.m */,
				23BC6BE61DC62E320099408C /* NSData+ImageContentType.h */,
				23BC6BE71DC62E320099408C /* NSData+ImageContentType.m */,
				23BC6BE81DC62E320099408C /* SDImageCache.h */,
				23BC6BE91DC62E320099408C /* SDImageCache.m */,
				23BC6BEA1DC62E320099408C /* SDWebImageCompat.h */,
				23BC6BEB1DC62E320099408C /* SDWebImageCompat.m */,
				23BC6BEC1DC62E320099408C /* SDWebImageDecoder.h */,
				23BC6BED1DC62E320099408C /* SDWebImageDecoder.m */,
				23BC6BEE1DC62E320099408C /* SDWebImageDownloader.h */,
				23BC6BEF1DC62E320099408C /* SDWebImageDownloader.m */,
				23BC6BF01DC62E320099408C /* SDWebImageDownloaderOperation.h */,
				23BC6BF11DC62E320099408C /* SDWebImageDownloaderOperation.m */,
				23BC6BF21DC62E320099408C /* SDWebImageManager.h */,
				23BC6BF31DC62E320099408C /* SDWebImageManager.m */,
				23BC6BF41DC62E320099408C /* SDWebImageOperation.h */,
				23BC6BF51DC62E320099408C /* SDWebImagePrefetcher.h */,
				23BC6BF61DC62E320099408C /* SDWebImagePrefetcher.m */,
				23BC6BF71DC62E320099408C /* UIButton+WebCache.h */,
				23BC6BF81DC62E320099408C /* UIButton+WebCache.m */,
				23BC6BF91DC62E320099408C /* UIImage+GIF.h */,
				23BC6BFA1DC62E320099408C /* UIImage+GIF.m */,
				23BC6BFB1DC62E320099408C /* UIImage+MultiFormat.h */,
				23BC6BFC1DC62E320099408C /* UIImage+MultiFormat.m */,
				23BC6BFD1DC62E320099408C /* UIImage+WebP.h */,
				23BC6BFE1DC62E320099408C /* UIImage+WebP.m */,
				23BC6BFF1DC62E320099408C /* UIImageView+HighlightedWebCache.h */,
				23BC6C001DC62E320099408C /* UIImageView+HighlightedWebCache.m */,
				23BC6C011DC62E320099408C /* UIImageView+WebCache.h */,
				23BC6C021DC62E320099408C /* UIImageView+WebCache.m */,
				23BC6C031DC62E320099408C /* UIView+WebCacheOperation.h */,
				23BC6C041DC62E320099408C /* UIView+WebCacheOperation.m */,
			);
			path = SDWebImage;
			sourceTree = "<group>";
		};
		23E5436B1DC6261800EFC777 = {
			isa = PBXGroup;
			children = (
				23E543761DC6261800EFC777 /* 课堂任务 */,
				23E543751DC6261800EFC777 /* Products */,
			);
			sourceTree = "<group>";
		};
		23E543751DC6261800EFC777 /* Products */ = {
			isa = PBXGroup;
			children = (
				23E543741DC6261800EFC777 /* 课堂任务.app */,
			);
			name = Products;
			sourceTree = "<group>";
		};
		23E543761DC6261800EFC777 /* 课堂任务 */ = {
			isa = PBXGroup;
			children = (
				23E543901DC626C600EFC777 /* Libs */,
				23E5438E1DC626C600EFC777 /* AFNTestModel.h */,
				23E5438F1DC626C600EFC777 /* AFNTestModel.m */,
				23E543D21DC626C600EFC777 /* TestTableViewCell.h */,
				23E543D31DC626C600EFC777 /* TestTableViewCell.m */,
				23E543D41DC626C600EFC777 /* TestTableViewCell.xib */,
				23E543D51DC626C600EFC777 /* ViewController.h */,
				23E543D61DC626C600EFC777 /* ViewController.m */,
				23E5437A1DC6261800EFC777 /* AppDelegate.h */,
				23E5437B1DC6261800EFC777 /* AppDelegate.m */,
				23E543801DC6261800EFC777 /* Main.storyboard */,
				23E543831DC6261800EFC777 /* Assets.xcassets */,
				23E543851DC6261800EFC777 /* LaunchScreen.storyboard */,
				23E543881DC6261800EFC777 /* Info.plist */,
				23BC6C151DC630060099408C /* user_default@2x.png */,
				23E543771DC6261800EFC777 /* Supporting Files */,
			);
			path = "课堂任务";
			sourceTree = "<group>";
		};
		23E543771DC6261800EFC777 /* Supporting Files */ = {
			isa = PBXGroup;
			children = (
				23E543781DC6261800EFC777 /* main.m */,
			);
			name = "Supporting Files";
			sourceTree = "<group>";
		};
		23E543901DC626C600EFC777 /* Libs */ = {
			isa = PBXGroup;
			children = (
				23BC6BE31DC62E320099408C /* SDWebImage */,
				23E543911DC626C600EFC777 /* AFNetworking */,
				23E5439F1DC626C600EFC777 /* AY_Addition */,
				23E543B71DC626C600EFC777 /* Masonry */,
			);
			path = Libs;
			sourceTree = "<group>";
		};
		23E543911DC626C600EFC777 /* AFNetworking */ = {
			isa = PBXGroup;
			children = (
				23E543921DC626C600EFC777 /* AFHTTPSessionManager.h */,
				23E543931DC626C600EFC777 /* AFHTTPSessionManager.m */,
				23E543941DC626C600EFC777 /* AFNetworking.h */,
				23E543951DC626C600EFC777 /* AFNetworkReachabilityManager.h */,
				23E543961DC626C600EFC777 /* AFNetworkReachabilityManager.m */,
				23E543971DC626C600EFC777 /* AFSecurityPolicy.h */,
				23E543981DC626C600EFC777 /* AFSecurityPolicy.m */,
				23E543991DC626C600EFC777 /* AFURLRequestSerialization.h */,
				23E5439A1DC626C600EFC777 /* AFURLRequestSerialization.m */,
				23E5439B1DC626C600EFC777 /* AFURLResponseSerialization.h */,
				23E5439C1DC626C600EFC777 /* AFURLResponseSerialization.m */,
				23E5439D1DC626C600EFC777 /* AFURLSessionManager.h */,
				23E5439E1DC626C600EFC777 /* AFURLSessionManager.m */,
			);
			path = AFNetworking;
			sourceTree = "<group>";
		};
		23E5439F1DC626C600EFC777 /* AY_Addition */ = {
			isa = PBXGroup;
			children = (
				23E543A01DC626C600EFC777 /* AYAddition.h */,
				23E543A11DC626C600EFC777 /* NSArray+Addition.h */,
				23E543A21DC626C600EFC777 /* NSArray+Addition.m */,
				23E543A31DC626C600EFC777 /* NSArray+Log.h */,
				23E543A41DC626C600EFC777 /* NSArray+Log.m */,
				23E543A51DC626C600EFC777 /* NSAttributedString+Additon.h */,
				23E543A61DC626C600EFC777 /* NSAttributedString+Additon.m */,
				23E543A71DC626C600EFC777 /* NSObject+Addition.h */,
				23E543A81DC626C600EFC777 /* NSObject+Addition.m */,
				23E543A91DC626C600EFC777 /* UIButton+Addition.h */,
				23E543AA1DC626C600EFC777 /* UIButton+Addition.m */,
				23E543AB1DC626C600EFC777 /* UIColor+Addition.h */,
				23E543AC1DC626C600EFC777 /* UIColor+Addition.m */,
				23E543AD1DC626C600EFC777 /* UILabel+Addition.h */,
				23E543AE1DC626C600EFC777 /* UILabel+Addition.m */,
				23E543AF1DC626C600EFC777 /* UIScreen+Addition.h */,
				23E543B01DC626C600EFC777 /* UIScreen+Addition.m */,
				23E543B11DC626C600EFC777 /* UIView+Addition.h */,
				23E543B21DC626C600EFC777 /* UIView+Addition.m */,
				23E543B31DC626C600EFC777 /* UIView+Frame.h */,
				23E543B41DC626C600EFC777 /* UIView+Frame.m */,
				23E543B51DC626C600EFC777 /* UIViewController+Addition.h */,
				23E543B61DC626C600EFC777 /* UIViewController+Addition.m */,
			);
			path = AY_Addition;
			sourceTree = "<group>";
		};
		23E543B71DC626C600EFC777 /* Masonry */ = {
			isa = PBXGroup;
			children = (
				23E543B81DC626C600EFC777 /* Info.plist */,
				23E543B91DC626C600EFC777 /* MASCompositeConstraint.h */,
				23E543BA1DC626C600EFC777 /* MASCompositeConstraint.m */,
				23E543BB1DC626C600EFC777 /* MASConstraint+Private.h */,
				23E543BC1DC626C600EFC777 /* MASConstraint.h */,
				23E543BD1DC626C600EFC777 /* MASConstraint.m */,
				23E543BE1DC626C600EFC777 /* MASConstraintMaker.h */,
				23E543BF1DC626C600EFC777 /* MASConstraintMaker.m */,
				23E543C01DC626C600EFC777 /* MASLayoutConstraint.h */,
				23E543C11DC626C600EFC777 /* MASLayoutConstraint.m */,
				23E543C21DC626C600EFC777 /* Masonry.h */,
				23E543C31DC626C600EFC777 /* MASUtilities.h */,
				23E543C41DC626C600EFC777 /* MASViewAttribute.h */,
				23E543C51DC626C600EFC777 /* MASViewAttribute.m */,
				23E543C61DC626C600EFC777 /* MASViewConstraint.h */,
				23E543C71DC626C600EFC777 /* MASViewConstraint.m */,
				23E543C81DC626C600EFC777 /* NSArray+MASAdditions.h */,
				23E543C91DC626C600EFC777 /* NSArray+MASAdditions.m */,
				23E543CA1DC626C600EFC777 /* NSArray+MASShorthandAdditions.h */,
				23E543CB1DC626C600EFC777 /* NSLayoutConstraint+MASDebugAdditions.h */,
				23E543CC1DC626C600EFC777 /* NSLayoutConstraint+MASDebugAdditions.m */,
				23E543CD1DC626C600EFC777 /* View+MASAdditions.h */,
				23E543CE1DC626C600EFC777 /* View+MASAdditions.m */,
				23E543CF1DC626C600EFC777 /* View+MASShorthandAdditions.h */,
				23E543D01DC626C600EFC777 /* ViewController+MASAdditions.h */,
				23E543D11DC626C600EFC777 /* ViewController+MASAdditions.m */,
			);
			path = Masonry;
			sourceTree = "<group>";
		};
/* End PBXGroup section */

/* Begin PBXNativeTarget section */
		23E543731DC6261800EFC777 /* 课堂任务 */ = {
			isa = PBXNativeTarget;
			buildConfigurationList = 23E5438B1DC6261800EFC777 /* Build configuration list for PBXNativeTarget "课堂任务" */;
			buildPhases = (
				23E543701DC6261800EFC777 /* Sources */,
				23E543711DC6261800EFC777 /* Frameworks */,
				23E543721DC6261800EFC777 /* Resources */,
			);
			buildRules = (
			);
			dependencies = (
			);
			name = "课堂任务";
			productName = "课堂任务";
			productReference = 23E543741DC6261800EFC777 /* 课堂任务.app */;
			productType = "com.apple.product-type.application";
		};
/* End PBXNativeTarget section */

/* Begin PBXProject section */
		23E5436C1DC6261800EFC777 /* Project object */ = {
			isa = PBXProject;
			attributes = {
				LastUpgradeCheck = 0800;
				ORGANIZATIONNAME = YinY;
				TargetAttributes = {
					23E543731DC6261800EFC777 = {
						CreatedOnToolsVersion = 8.0;
						ProvisioningStyle = Automatic;
					};
				};
			};
			buildConfigurationList = 23E5436F1DC6261800EFC777 /* Build configuration list for PBXProject "课堂任务" */;
			compatibilityVersion = "Xcode 3.2";
			developmentRegion = English;
			hasScannedForEncodings = 0;
			knownRegions = (
				en,
				Base,
			);
			mainGroup = 23E5436B1DC6261800EFC777;
			productRefGroup = 23E543751DC6261800EFC777 /* Products */;
			projectDirPath = "";
			projectRoot = "";
			targets = (
				23E543731DC6261800EFC777 /* 课堂任务 */,
			);
		};
/* End PBXProject section */

/* Begin PBXResourcesBuildPhase section */
		23E543721DC6261800EFC777 /* Resources */ = {
			isa = PBXResourcesBuildPhase;
			buildActionMask = 2147483647;
			files = (
				23E543E91DC626C600EFC777 /* Info.plist in Resources */,
				23E543871DC6261800EFC777 /* LaunchScreen.storyboard in Resources */,
				23E543841DC6261800EFC777 /* Assets.xcassets in Resources */,
				23E543F51DC626C600EFC777 /* TestTableViewCell.xib in Resources */,
				23E543821DC6261800EFC777 /* Main.storyboard in Resources */,
				23BC6C161DC630060099408C /* user_default@2x.png in Resources */,
			);
			runOnlyForDeploymentPostprocessing = 0;
		};
/* End PBXResourcesBuildPhase section */

/* Begin PBXSourcesBuildPhase section */
		23E543701DC6261800EFC777 /* Sources */ = {
			isa = PBXSourcesBuildPhase;
			buildActionMask = 2147483647;
			files = (
				23BC6C121DC62E320099408C /* UIImageView+HighlightedWebCache.m in Sources */,
				23E543DD1DC626C600EFC777 /* AFURLSessionManager.m in Sources */,
				23E543E01DC626C600EFC777 /* NSAttributedString+Additon.m in Sources */,
				23E543E41DC626C600EFC777 /* UILabel+Addition.m in Sources */,
				23E543F41DC626C600EFC777 /* TestTableViewCell.m in Sources */,
				23E543D71DC626C600EFC777 /* AFNTestModel.m in Sources */,
				23BC6C131DC62E320099408C /* UIImageView+WebCache.m in Sources */,
				23E543ED1DC626C600EFC777 /* MASLayoutConstraint.m in Sources */,
				23E5437C1DC6261800EFC777 /* AppDelegate.m in Sources */,
				23BC6C0E1DC62E320099408C /* UIButton+WebCache.m in Sources */,
				23E543D91DC626C600EFC777 /* AFNetworkReachabilityManager.m in Sources */,
				23E543E11DC626C600EFC777 /* NSObject+Addition.m in Sources */,
				23E543DE1DC626C600EFC777 /* NSArray+Addition.m in Sources */,
				23BC6C0F1DC62E320099408C /* UIImage+GIF.m in Sources */,
				23BC6C0D1DC62E320099408C /* SDWebImagePrefetcher.m in Sources */,
				23E543F61DC626C600EFC777 /* ViewController.m in Sources */,
				23E543791DC6261800EFC777 /* main.m in Sources */,
				23E543EE1DC626C600EFC777 /* MASViewAttribute.m in Sources */,
				23BC6C081DC62E320099408C /* SDWebImageCompat.m in Sources */,
				23BC6C0A1DC62E320099408C /* SDWebImageDownloader.m in Sources */,
				23BC6C0B1DC62E320099408C /* SDWebImageDownloaderOperation.m in Sources */,
				23BC6C091DC62E320099408C /* SDWebImageDecoder.m in Sources */,
				23BC6C0C1DC62E320099408C /* SDWebImageManager.m in Sources */,
				23E543DF1DC626C600EFC777 /* NSArray+Log.m in Sources */,
				23E543EC1DC626C600EFC777 /* MASConstraintMaker.m in Sources */,
				23E543F21DC626C600EFC777 /* View+MASAdditions.m in Sources */,
				23E543EF1DC626C600EFC777 /* MASViewConstraint.m in Sources */,
				23E543EA1DC626C600EFC777 /* MASCompositeConstraint.m in Sources */,
				23BC6C141DC62E320099408C /* UIView+WebCacheOperation.m in Sources */,
				23E543E71DC626C600EFC777 /* UIView+Frame.m in Sources */,
				23E543E31DC626C600EFC777 /* UIColor+Addition.m in Sources */,
				23E543DA1DC626C600EFC777 /* AFSecurityPolicy.m in Sources */,
				23E543E51DC626C600EFC777 /* UIScreen+Addition.m in Sources */,
				23E543DB1DC626C600EFC777 /* AFURLRequestSerialization.m in Sources */,
				23BC6C051DC62E320099408C /* MKAnnotationView+WebCache.m in Sources */,
				23BC6C101DC62E320099408C /* UIImage+MultiFormat.m in Sources */,
				23E543EB1DC626C600EFC777 /* MASConstraint.m in Sources */,
				23E543E61DC626C600EFC777 /* UIView+Addition.m in Sources */,
				23BC6C061DC62E320099408C /* NSData+ImageContentType.m in Sources */,
				23E543E21DC626C600EFC777 /* UIButton+Addition.m in Sources */,
				23BC6C111DC62E320099408C /* UIImage+WebP.m in Sources */,
				23E543F11DC626C600EFC777 /* NSLayoutConstraint+MASDebugAdditions.m in Sources */,
				23E543F01DC626C600EFC777 /* NSArray+MASAdditions.m in Sources */,
				23E543F31DC626C600EFC777 /* ViewController+MASAdditions.m in Sources */,
				23E543DC1DC626C600EFC777 /* AFURLResponseSerialization.m in Sources */,
				23E543E81DC626C600EFC777 /* UIViewController+Addition.m in Sources */,
				23E543D81DC626C600EFC777 /* AFHTTPSessionManager.m in Sources */,
				23BC6C071DC62E320099408C /* SDImageCache.m in Sources */,
			);
			runOnlyForDeploymentPostprocessing = 0;
		};
/* End PBXSourcesBuildPhase section */

/* Begin PBXVariantGroup section */
		23E543801DC6261800EFC777 /* Main.storyboard */ = {
			isa = PBXVariantGroup;
			children = (
				23E543811DC6261800EFC777 /* Base */,
			);
			name = Main.storyboard;
			sourceTree = "<group>";
		};
		23E543851DC6261800EFC777 /* LaunchScreen.storyboard */ = {
			isa = PBXVariantGroup;
			children = (
				23E543861DC6261800EFC777 /* Base */,
			);
			name = LaunchScreen.storyboard;
			sourceTree = "<group>";
		};
/* End PBXVariantGroup section */

/* Begin XCBuildConfiguration section */
		23E543891DC6261800EFC777 /* Debug */ = {
			isa = XCBuildConfiguration;
			buildSettings = {
				ALWAYS_SEARCH_USER_PATHS = NO;
				CLANG_ANALYZER_NONNULL = YES;
				CLANG_CXX_LANGUAGE_STANDARD = "gnu++0x";
				CLANG_CXX_LIBRARY = "libc++";
				CLANG_ENABLE_MODULES = YES;
				CLANG_ENABLE_OBJC_ARC = YES;
				CLANG_WARN_BOOL_CONVERSION = YES;
				CLANG_WARN_CONSTANT_CONVERSION = YES;
				CLANG_WARN_DIRECT_OBJC_ISA_USAGE = YES_ERROR;
				CLANG_WARN_DOCUMENTATION_COMMENTS = YES;
				CLANG_WARN_EMPTY_BODY = YES;
				CLANG_WARN_ENUM_CONVERSION = YES;
				CLANG_WARN_INFINITE_RECURSION = YES;
				CLANG_WARN_INT_CONVERSION = YES;
				CLANG_WARN_OBJC_ROOT_CLASS = YES_ERROR;
				CLANG_WARN_SUSPICIOUS_MOVES = YES;
				CLANG_WARN_UNREACHABLE_CODE = YES;
				CLANG_WARN__DUPLICATE_METHOD_MATCH = YES;
				"CODE_SIGN_IDENTITY[sdk=iphoneos*]" = "iPhone Developer";
				COPY_PHASE_STRIP = NO;
				DEBUG_INFORMATION_FORMAT = dwarf;
				ENABLE_STRICT_OBJC_MSGSEND = YES;
				ENABLE_TESTABILITY = YES;
				GCC_C_LANGUAGE_STANDARD = gnu99;
				GCC_DYNAMIC_NO_PIC = NO;
				GCC_NO_COMMON_BLOCKS = YES;
				GCC_OPTIMIZATION_LEVEL = 0;
				GCC_PREPROCESSOR_DEFINITIONS = (
					"DEBUG=1",
					"$(inherited)",
				);
				GCC_WARN_64_TO_32_BIT_CONVERSION = YES;
				GCC_WARN_ABOUT_RETURN_TYPE = YES_ERROR;
				GCC_WARN_UNDECLARED_SELECTOR = YES;
				GCC_WARN_UNINITIALIZED_AUTOS = YES_AGGRESSIVE;
				GCC_WARN_UNUSED_FUNCTION = YES;
				GCC_WARN_UNUSED_VARIABLE = YES;
				IPHONEOS_DEPLOYMENT_TARGET = 10.0;
				MTL_ENABLE_DEBUG_INFO = YES;
				ONLY_ACTIVE_ARCH = YES;
				SDKROOT = iphoneos;
			};
			name = Debug;
		};
		23E5438A1DC6261800EFC777 /* Release */ = {
			isa = XCBuildConfiguration;
			buildSettings = {
				ALWAYS_SEARCH_USER_PATHS = NO;
				CLANG_ANALYZER_NONNULL = YES;
				CLANG_CXX_LANGUAGE_STANDARD = "gnu++0x";
				CLANG_CXX_LIBRARY = "libc++";
				CLANG_ENABLE_MODULES = YES;
				CLANG_ENABLE_OBJC_ARC = YES;
				CLANG_WARN_BOOL_CONVERSION = YES;
				CLANG_WARN_CONSTANT_CONVERSION = YES;
				CLANG_WARN_DIRECT_OBJC_ISA_USAGE = YES_ERROR;
				CLANG_WARN_DOCUMENTATION_COMMENTS = YES;
				CLANG_WARN_EMPTY_BODY = YES;
				CLANG_WARN_ENUM_CONVERSION = YES;
				CLANG_WARN_INFINITE_RECURSION = YES;
				CLANG_WARN_INT_CONVERSION = YES;
				CLANG_WARN_OBJC_ROOT_CLASS = YES_ERROR;
				CLANG_WARN_SUSPICIOUS_MOVES = YES;
				CLANG_WARN_UNREACHABLE_CODE = YES;
				CLANG_WARN__DUPLICATE_METHOD_MATCH = YES;
				"CODE_SIGN_IDENTITY[sdk=iphoneos*]" = "iPhone Developer";
				COPY_PHASE_STRIP = NO;
				DEBUG_INFORMATION_FORMAT = "dwarf-with-dsym";
				ENABLE_NS_ASSERTIONS = NO;
				ENABLE_STRICT_OBJC_MSGSEND = YES;
				GCC_C_LANGUAGE_STANDARD = gnu99;
				GCC_NO_COMMON_BLOCKS = YES;
				GCC_WARN_64_TO_32_BIT_CONVERSION = YES;
				GCC_WARN_ABOUT_RETURN_TYPE = YES_ERROR;
				GCC_WARN_UNDECLARED_SELECTOR = YES;
				GCC_WARN_UNINITIALIZED_AUTOS = YES_AGGRESSIVE;
				GCC_WARN_UNUSED_FUNCTION = YES;
				GCC_WARN_UNUSED_VARIABLE = YES;
				IPHONEOS_DEPLOYMENT_TARGET = 10.0;
				MTL_ENABLE_DEBUG_INFO = NO;
				SDKROOT = iphoneos;
				VALIDATE_PRODUCT = YES;
			};
			name = Release;
		};
		23E5438C1DC6261800EFC777 /* Debug */ = {
			isa = XCBuildConfiguration;
			buildSettings = {
				ASSETCATALOG_COMPILER_APPICON_NAME = AppIcon;
				INFOPLIST_FILE = "课堂任务/Info.plist";
				LD_RUNPATH_SEARCH_PATHS = "$(inherited) @executable_path/Frameworks";
				PRODUCT_BUNDLE_IDENTIFIER = "net.yuannet.----";
				PRODUCT_NAME = "$(TARGET_NAME)";
			};
			name = Debug;
		};
		23E5438D1DC6261800EFC777 /* Release */ = {
			isa = XCBuildConfiguration;
			buildSettings = {
				ASSETCATALOG_COMPILER_APPICON_NAME = AppIcon;
				INFOPLIST_FILE = "课堂任务/Info.plist";
				LD_RUNPATH_SEARCH_PATHS = "$(inherited) @executable_path/Frameworks";
				PRODUCT_BUNDLE_IDENTIFIER = "net.yuannet.----";
				PRODUCT_NAME = "$(TARGET_NAME)";
			};
			name = Release;
		};
/* End XCBuildConfiguration section */

/* Begin XCConfigurationList section */
		23E5436F1DC6261800EFC777 /* Build configuration list for PBXProject "课堂任务" */ = {
			isa = XCConfigurationList;
			buildConfigurations = (
				23E543891DC6261800EFC777 /* Debug */,
				23E5438A1DC6261800EFC777 /* Release */,
			);
			defaultConfigurationIsVisible = 0;
			defaultConfigurationName = Release;
		};
		23E5438B1DC6261800EFC777 /* Build configuration list for PBXNativeTarget "课堂任务" */ = {
			isa = XCConfigurationList;
			buildConfigurations = (
				23E5438C1DC6261800EFC777 /* Debug */,
				23E5438D1DC6261800EFC777 /* Release */,
			);
			defaultConfigurationIsVisible = 0;
			defaultConfigurationName = Release;
		};
/* End XCConfigurationList section */
	};
	rootObject = 23E5436C1DC6261800EFC777 /* Project object */;
}
